{
  "version": 2,
  "dependencies": {
    "net8.0": {
      "KeelMatrix.Telemetry": {
        "type": "Direct",
        "requested": "[0.1.1, )",
        "resolved": "0.1.1",
        "contentHash": "70D1itnjXuiODZodCnZ9Eo19fGL2d68vT5vEU6WJow5/vXCr1mDmCAP66WfKhix3T2LYxdzRufr/pffraxuEIw=="
      },
      "NuGet.Configuration": {
        "type": "Direct",
        "requested": "[7.9.0, )",
        "resolved": "7.9.0",
        "contentHash": "+uJuZrVwy0PTUIqHQq8YW5QuQhWauEajTW+tfzlhBbGOe342/bu5x4+0k8UMRFuuZZfHREo5mhnVe3P5sZ9few==",
        "dependencies": {
          "NuGet.Common": "7.9.0",
          "System.Security.Cryptography.ProtectedData": "8.0.0"
        }
      },
      "NuGet.Common": {
        "type": "Transitive",
        "resolved": "7.9.0",
        "contentHash": "FzGOO+O5JEm8CxXHJ9SKbr3p3IjHv1+axiqvgZ1+0ZvWEY56FQzh6kY7IQk/IYxV5szlsJN7oEnn6FGs8wVmjQ==",
        "dependencies": {
          "NuGet.Frameworks": "7.9.0"
        }
      },
      "NuGet.Frameworks": {
        "type": "Transitive",
        "resolved": "7.9.0",
        "contentHash": "Ts5LF4G66x7KftlqElLmvfhsoD/I6XtNRLyn9lt/txwiQC0bhtYC3/aurXARWJbcvogr/+qvoW5JYtl32eObdQ=="
      },
      "System.Security.Cryptography.ProtectedData": {
        "type": "Transitive",
        "resolved": "8.0.0",
        "contentHash": "hvcXZ/IR+KXxY9lC9S2izw5/fGYoODJR2r9kQSvs5v/HUAnBRuYYZPJrHzaT0CeDRJzIm8BHJb1ZrwHQ59j3uQ=="
      }
    }
  }
}
